Microsoft Visual Studio Solution File, Format Version 12.00
# Visual Studio Version 17
VisualStudioVersion = 17.5.2.0
MinimumVisualStudioVersion = 10.0.40219.1
Project("{FAE04EC0-301F-11D3-BF4B-00C04F79EFBC}") = "LaPlazaTattoo.API", "LaPlazaTattoo.API\LaPlazaTattoo.API.csproj", "{07C24492-AC4C-DD66-93DB-0C2E0FCF6362}"
EndProject
Global
	GlobalSection(SolutionConfigurationPlatforms) = preSolution
		Debug|Any CPU = Debug|Any CPU
		Release|Any CPU = Release|Any CPU
	EndGlobalSection
	GlobalSection(ProjectConfigurationPlatforms) = postSolution
		{07C24492-AC4C-DD66-93DB-0C2E0FCF6362}.Debug|Any CPU.ActiveCfg = Debug|Any CPU
		{07C24492-AC4C-DD66-93DB-0C2E0FCF6362}.Debug|Any CPU.Build.0 = Debug|Any CPU
		{07C24492-AC4C-DD66-93DB-0C2E0FCF6362}.Release|Any CPU.ActiveCfg = Release|Any CPU
		{07C24492-AC4C-DD66-93DB-0C2E0FCF6362}.Release|Any CPU.Build.0 = Release|Any CPU
	EndGlobalSection
	GlobalSection(SolutionProperties) = preSolution
		HideSolutionNode = FALSE
	EndGlobalSection
	GlobalSection(ExtensibilityGlobals) = postSolution
		SolutionGuid = {E8CD9104-79F7-4CB9-86CE-0E52A8D43E59}
	EndGlobalSection
EndGlobal
